
Microsoft Visual Studio Solution File, Format Version 12.00
# Visual Studio Version 17
VisualStudioVersion = 17.8.34330.188
MinimumVisualStudioVersion = 10.0.40219.1
Project("{9A19103F-16F7-4668-BE54-9A1E7A4F7556}") = "PoliNorError.Extensions.DependencyInjection", "src\PoliNorError.Extensions.DependencyInjection.csproj", "{C3800A3A-1802-4194-A3DC-838D118EE90D}"
EndProject
Project("{9A19103F-16F7-4668-BE54-9A1E7A4F7556}") = "PoliNorError.Extensions.DependencyInjection.Tests", "tests\PoliNorError.Extensions.DependencyInjection.Tests.csproj", "{F1C32C25-A21F-4D32-914B-5E86070BB1E2}"
EndProject
Global
	GlobalSection(SolutionConfigurationPlatforms) = preSolution
		Debug|Any CPU = Debug|Any CPU
		Release|Any CPU = Release|Any CPU
	EndGlobalSection
	GlobalSection(ProjectConfigurationPlatforms) = postSolution
		{C3800A3A-1802-4194-A3DC-838D118EE90D}.Debug|Any CPU.ActiveCfg = Debug|Any CPU
		{C3800A3A-1802-4194-A3DC-838D118EE90D}.Debug|Any CPU.Build.0 = Debug|Any CPU
		{C3800A3A-1802-4194-A3DC-838D118EE90D}.Release|Any CPU.ActiveCfg = Release|Any CPU
		{C3800A3A-1802-4194-A3DC-838D118EE90D}.Release|Any CPU.Build.0 = Release|Any CPU
		{F1C32C25-A21F-4D32-914B-5E86070BB1E2}.Debug|Any CPU.ActiveCfg = Debug|Any CPU
		{F1C32C25-A21F-4D32-914B-5E86070BB1E2}.Debug|Any CPU.Build.0 = Debug|Any CPU
		{F1C32C25-A21F-4D32-914B-5E86070BB1E2}.Release|Any CPU.ActiveCfg = Release|Any CPU
		{F1C32C25-A21F-4D32-914B-5E86070BB1E2}.Release|Any CPU.Build.0 = Release|Any CPU
	EndGlobalSection
	GlobalSection(SolutionProperties) = preSolution
		HideSolutionNode = FALSE
	EndGlobalSection
	GlobalSection(ExtensibilityGlobals) = postSolution
		SolutionGuid = {924BFE9C-9F5D-4423-AE2A-92F721CCDE3B}
	EndGlobalSection
EndGlobal
