
Microsoft Visual Studio Solution File, Format Version 12.00
# Visual Studio Version 17
VisualStudioVersion = 17.8.34330.188
MinimumVisualStudioVersion = 10.0.40219.1
Project("{9A19103F-16F7-4668-BE54-9A1E7A4F7556}") = "Samples", "Samples.csproj", "{140582CA-CFAB-47BF-831B-A875C6E18153}"
EndProject
Project("{9A19103F-16F7-4668-BE54-9A1E7A4F7556}") = "PoliNorError.Extensions.DependencyInjection", "..\src\PoliNorError.Extensions.DependencyInjection.csproj", "{36F605E1-650F-4C14-8718-627D3B515A50}"
EndProject
Global
	GlobalSection(SolutionConfigurationPlatforms) = preSolution
		Debug|Any CPU = Debug|Any CPU
		Release|Any CPU = Release|Any CPU
	EndGlobalSection
	GlobalSection(ProjectConfigurationPlatforms) = postSolution
		{140582CA-CFAB-47BF-831B-A875C6E18153}.Debug|Any CPU.ActiveCfg = Debug|Any CPU
		{140582CA-CFAB-47BF-831B-A875C6E18153}.Debug|Any CPU.Build.0 = Debug|Any CPU
		{140582CA-CFAB-47BF-831B-A875C6E18153}.Release|Any CPU.ActiveCfg = Release|Any CPU
		{140582CA-CFAB-47BF-831B-A875C6E18153}.Release|Any CPU.Build.0 = Release|Any CPU
		{36F605E1-650F-4C14-8718-627D3B515A50}.Debug|Any CPU.ActiveCfg = Debug|Any CPU
		{36F605E1-650F-4C14-8718-627D3B515A50}.Debug|Any CPU.Build.0 = Debug|Any CPU
		{36F605E1-650F-4C14-8718-627D3B515A50}.Release|Any CPU.ActiveCfg = Release|Any CPU
		{36F605E1-650F-4C14-8718-627D3B515A50}.Release|Any CPU.Build.0 = Release|Any CPU
	EndGlobalSection
	GlobalSection(SolutionProperties) = preSolution
		HideSolutionNode = FALSE
	EndGlobalSection
	GlobalSection(ExtensibilityGlobals) = postSolution
		SolutionGuid = {3319C4E4-F28E-4FE1-9B32-1CB327C68410}
	EndGlobalSection
EndGlobal
